
Microsoft Visual Studio Solution File, Format Version 12.00
# Visual Studio Version 16
VisualStudioVersion = 16.0.31515.178
MinimumVisualStudioVersion = 10.0.40219.1
Project("{9A19103F-16F7-4668-BE54-9A1E7A4F7556}") = "ChipsMMO", "ChipsMMO\ChipsMMO.csproj", "{9918B48D-236D-4C1C-B66F-886B2A0B68DA}"
EndProject
Project("{2150E333-8FDC-42A3-9474-1A3956D46DE8}") = "Environment", "Environment", "{C36C1EAF-0AC1-4CC4-8A28-9CF765D678D8}"
	ProjectSection(SolutionItems) = preProject
		..\.env = ..\.env
		..\.gitignore = ..\.gitignore
	EndProjectSection
EndProject
Global
	GlobalSection(SolutionConfigurationPlatforms) = preSolution
		Debug|Any CPU = Debug|Any CPU
		Release|Any CPU = Release|Any CPU
	EndGlobalSection
	GlobalSection(ProjectConfigurationPlatforms) = postSolution
		{9918B48D-236D-4C1C-B66F-886B2A0B68DA}.Debug|Any CPU.ActiveCfg = Debug|Any CPU
		{9918B48D-236D-4C1C-B66F-886B2A0B68DA}.Debug|Any CPU.Build.0 = Debug|Any CPU
		{9918B48D-236D-4C1C-B66F-886B2A0B68DA}.Release|Any CPU.ActiveCfg = Release|Any CPU
		{9918B48D-236D-4C1C-B66F-886B2A0B68DA}.Release|Any CPU.Build.0 = Release|Any CPU
	EndGlobalSection
	GlobalSection(SolutionProperties) = preSolution
		HideSolutionNode = FALSE
	EndGlobalSection
	GlobalSection(ExtensibilityGlobals) = postSolution
		SolutionGuid = {01B5268D-3E83-4A34-A932-6068514D525E}
	EndGlobalSection
EndGlobal
